
Microsoft Visual Studio Solution File, Format Version 12.00
# Visual Studio Version 17
VisualStudioVersion = 17.5.33627.172
MinimumVisualStudioVersion = 10.0.40219.1
Project("{FAE04EC0-301F-11D3-BF4B-00C04F79EFBC}") = "DemoWebApi", "DemoWebApi\DemoWebApi.csproj", "{FE596E70-63E6-4A4D-BB8B-CC4DA68713D9}"
EndProject
Project("{FAE04EC0-301F-11D3-BF4B-00C04F79EFBC}") = "Models", "Models\Models.csproj", "{3478E7DE-C9D9-4AA7-8EF5-5A9338CB79BB}"
EndProject
Project("{FAE04EC0-301F-11D3-BF4B-00C04F79EFBC}") = "DemoClient", "DemoClient\DemoClient.csproj", "{0CEEADCF-90FE-464D-99A5-49214BDE12C5}"
EndProject
Global
	GlobalSection(SolutionConfigurationPlatforms) = preSolution
		Debug|Any CPU = Debug|Any CPU
		Release|Any CPU = Release|Any CPU
	EndGlobalSection
	GlobalSection(ProjectConfigurationPlatforms) = postSolution
		{FE596E70-63E6-4A4D-BB8B-CC4DA68713D9}.Debug|Any CPU.ActiveCfg = Debug|Any CPU
		{FE596E70-63E6-4A4D-BB8B-CC4DA68713D9}.Debug|Any CPU.Build.0 = Debug|Any CPU
		{FE596E70-63E6-4A4D-BB8B-CC4DA68713D9}.Release|Any CPU.ActiveCfg = Release|Any CPU
		{FE596E70-63E6-4A4D-BB8B-CC4DA68713D9}.Release|Any CPU.Build.0 = Release|Any CPU
		{3478E7DE-C9D9-4AA7-8EF5-5A9338CB79BB}.Debug|Any CPU.ActiveCfg = Debug|Any CPU
		{3478E7DE-C9D9-4AA7-8EF5-5A9338CB79BB}.Debug|Any CPU.Build.0 = Debug|Any CPU
		{3478E7DE-C9D9-4AA7-8EF5-5A9338CB79BB}.Release|Any CPU.ActiveCfg = Release|Any CPU
		{3478E7DE-C9D9-4AA7-8EF5-5A9338CB79BB}.Release|Any CPU.Build.0 = Release|Any CPU
		{0CEEADCF-90FE-464D-99A5-49214BDE12C5}.Debug|Any CPU.ActiveCfg = Debug|Any CPU
		{0CEEADCF-90FE-464D-99A5-49214BDE12C5}.Debug|Any CPU.Build.0 = Debug|Any CPU
		{0CEEADCF-90FE-464D-99A5-49214BDE12C5}.Release|Any CPU.ActiveCfg = Release|Any CPU
		{0CEEADCF-90FE-464D-99A5-49214BDE12C5}.Release|Any CPU.Build.0 = Release|Any CPU
	EndGlobalSection
	GlobalSection(SolutionProperties) = preSolution
		HideSolutionNode = FALSE
	EndGlobalSection
	GlobalSection(ExtensibilityGlobals) = postSolution
		SolutionGuid = {925C3006-9905-402E-9DF6-E3744A63A472}
	EndGlobalSection
EndGlobal
